PODS:
  - Crashlytics (3.14.0):
    - Fabric (~> 1.10.2)
  - EnablexWebRTC (1.0.2)
  - EnxRTCiOS (2.3.14):
    - EnablexWebRTC (= 1.0.2)
  - Fabric (1.10.2)
  - ReachabilitySwift (5.0.0)
  - Socket.IO-Client-Swift (15.2.0):
    - Starscream (~> 3.1)
  - Starscream (3.1.1)
  - SVProgressHUD (2.2.5)

DEPENDENCIES:
  - Crashlytics
  - EnxRTCiOS (= 2.3.14)
  - Fabric
  - ReachabilitySwift
  - Socket.IO-Client-Swift (~> 15.2.0)
  - SVProgressHUD

SPEC REPOS:
  trunk:
    - Crashlytics
    - EnablexWebRTC
    - EnxRTCiOS
    - Fabric
    - ReachabilitySwift
    - Socket.IO-Client-Swift
    - Starscream
    - SVProgressHUD

SPEC CHECKSUMS:
  Crashlytics: 9220f5bc89e7a618df411b4f639389dbfb0e03d2
  EnablexWebRTC: 05f0d79eb6f133f1b844af9a2b7530dc7c6e2108
  EnxRTCiOS: 61de854eba2b12e747e363c3018a2e622fc453e3
  Fabric: ea977e3cd9c20425516d3dafd3bf8c941c51223f
  ReachabilitySwift: 985039c6f7b23a1da463388634119492ff86c825
  Socket.IO-Client-Swift: 1e3e3a1f09f3312a167f0d781eb2f383d477357c
  Starscream: 4bb2f9942274833f7b4d296a55504dcfc7edb7b0
  SVProgressHUD: 1428aafac632c1f86f62aa4243ec12008d7a51d6

PODFILE CHECKSUM: 97e42ad5d36c438ac1f9fe34445d70de5e207e75

COCOAPODS: 1.12.1
